
Microsoft Visual Studio Solution File, Format Version 12.00
# Visual Studio Version 17
VisualStudioVersion = 17.7.34024.191
MinimumVisualStudioVersion = 10.0.40219.1
Project("{FAE04EC0-301F-11D3-BF4B-00C04F79EFBC}") = "GoogleTranslate", "GoogleTranslate\GoogleTranslate.csproj", "{AB4571BB-4FE5-4987-832E-24344F2191E6}"
EndProject
Project("{FAE04EC0-301F-11D3-BF4B-00C04F79EFBC}") = "TestTranslator", "TestTranslator\TestTranslator.csproj", "{945D7B15-EE45-4759-8631-E2CDA5B59933}"
EndProject
Project("{FAE04EC0-301F-11D3-BF4B-00C04F79EFBC}") = "zlib.net", "zlib\zlib.net.csproj", "{0C89B7A2-A218-49E4-B545-5B044A45F977}"
EndProject
Project("{FAE04EC0-301F-11D3-BF4B-00C04F79EFBC}") = "DictJoiner", "DictJoiner\DictJoiner.csproj", "{4E1E5F6B-00EF-47C4-B928-2BAF8250E0F2}"
EndProject
Global
	GlobalSection(SolutionConfigurationPlatforms) = preSolution
		Debug|Any CPU = Debug|Any CPU
		Release|Any CPU = Release|Any CPU
	EndGlobalSection
	GlobalSection(ProjectConfigurationPlatforms) = postSolution
		{AB4571BB-4FE5-4987-832E-24344F2191E6}.Debug|Any CPU.ActiveCfg = Debug|Any CPU
		{AB4571BB-4FE5-4987-832E-24344F2191E6}.Debug|Any CPU.Build.0 = Debug|Any CPU
		{AB4571BB-4FE5-4987-832E-24344F2191E6}.Release|Any CPU.ActiveCfg = Release|Any CPU
		{AB4571BB-4FE5-4987-832E-24344F2191E6}.Release|Any CPU.Build.0 = Release|Any CPU
		{945D7B15-EE45-4759-8631-E2CDA5B59933}.Debug|Any CPU.ActiveCfg = Debug|Any CPU
		{945D7B15-EE45-4759-8631-E2CDA5B59933}.Debug|Any CPU.Build.0 = Debug|Any CPU
		{945D7B15-EE45-4759-8631-E2CDA5B59933}.Release|Any CPU.ActiveCfg = Release|Any CPU
		{945D7B15-EE45-4759-8631-E2CDA5B59933}.Release|Any CPU.Build.0 = Release|Any CPU
		{0C89B7A2-A218-49E4-B545-5B044A45F977}.Debug|Any CPU.ActiveCfg = Debug|Any CPU
		{0C89B7A2-A218-49E4-B545-5B044A45F977}.Debug|Any CPU.Build.0 = Debug|Any CPU
		{0C89B7A2-A218-49E4-B545-5B044A45F977}.Release|Any CPU.ActiveCfg = Release|Any CPU
		{0C89B7A2-A218-49E4-B545-5B044A45F977}.Release|Any CPU.Build.0 = Release|Any CPU
		{4E1E5F6B-00EF-47C4-B928-2BAF8250E0F2}.Debug|Any CPU.ActiveCfg = Debug|Any CPU
		{4E1E5F6B-00EF-47C4-B928-2BAF8250E0F2}.Debug|Any CPU.Build.0 = Debug|Any CPU
		{4E1E5F6B-00EF-47C4-B928-2BAF8250E0F2}.Release|Any CPU.ActiveCfg = Release|Any CPU
		{4E1E5F6B-00EF-47C4-B928-2BAF8250E0F2}.Release|Any CPU.Build.0 = Release|Any CPU
	EndGlobalSection
	GlobalSection(SolutionProperties) = preSolution
		HideSolutionNode = FALSE
	EndGlobalSection
	GlobalSection(ExtensibilityGlobals) = postSolution
		SolutionGuid = {D0E433DC-570C-4C53-9E31-B7E6A87C6C96}
	EndGlobalSection
EndGlobal
